
Microsoft Visual Studio Solution File, Format Version 12.00
# Visual Studio Version 17
VisualStudioVersion = 17.0.31903.59
MinimumVisualStudioVersion = 10.0.40219.1
Project("{2150E333-8FDC-42A3-9474-1A3956D46DE8}") = "src", "src", "{827E0CD3-B72D-47B6-A68D-7590B98EB39B}"
EndProject
Project("{FAE04EC0-301F-11D3-BF4B-00C04F79EFBC}") = "Luminalium.App", "src\Luminalium.App\Luminalium.App.csproj", "{81BAF9D9-1056-4DF0-B34A-93E7B9F2EC8A}"
EndProject
Project("{FAE04EC0-301F-11D3-BF4B-00C04F79EFBC}") = "Luminalium.Core", "src\Luminalium.Core\Luminalium.Core.csproj", "{7CE25F35-27E9-4FE2-ACCB-B345153DDEC2}"
EndProject
Project("{FAE04EC0-301F-11D3-BF4B-00C04F79EFBC}") = "Luminalium.Platform.Windows", "src\Luminalium.Platform.Windows\Luminalium.Platform.Windows.csproj", "{403D452A-9DB0-4FDE-8FAC-083F876C9DF6}"
EndProject
Project("{FAE04EC0-301F-11D3-BF4B-00C04F79EFBC}") = "Luminalium.Plugins", "src\Luminalium.Plugins\Luminalium.Plugins.csproj", "{D1DB39EA-03EA-4F74-8D4A-870FB10D0D6E}"
EndProject
Project("{FAE04EC0-301F-11D3-BF4B-00C04F79EFBC}") = "Luminalium.Updater", "src\Luminalium.Updater\Luminalium.Updater.csproj", "{331C5E31-CFA4-4967-AEAC-CA58CDF5C603}"
EndProject
Project("{2150E333-8FDC-42A3-9474-1A3956D46DE8}") = "tests", "tests", "{0AB3BF05-4346-4AA6-1389-037BE0695223}"
EndProject
Project("{FAE04EC0-301F-11D3-BF4B-00C04F79EFBC}") = "Luminalium.Tests", "tests\Luminalium.Tests\Luminalium.Tests.csproj", "{4D0914F5-D34D-4873-9F48-A47CFDAE331A}"
EndProject
Project("{2150E333-8FDC-42A3-9474-1A3956D46DE8}") = "scripts", "scripts", "{C4AD9936-F0DF-1090-6077-3D4A6324E662}"
EndProject
Project("{2150E333-8FDC-42A3-9474-1A3956D46DE8}") = "smtc_helper", "smtc_helper", "{F1A1FCDC-C912-D79C-AA86-BC374BAA8321}"
EndProject
Project("{FAE04EC0-301F-11D3-BF4B-00C04F79EFBC}") = "SmtcHelper", "scripts\smtc_helper\SmtcHelper.csproj", "{A8212928-1E4E-429B-AAA4-CA96FF3B34C4}"
EndProject
Global
	GlobalSection(SolutionConfigurationPlatforms) = preSolution
		Debug|Any CPU = Debug|Any CPU
		Debug|x64 = Debug|x64
		Debug|x86 = Debug|x86
		Release|Any CPU = Release|Any CPU
		Release|x64 = Release|x64
		Release|x86 = Release|x86
	EndGlobalSection
	GlobalSection(ProjectConfigurationPlatforms) = postSolution
		{81BAF9D9-1056-4DF0-B34A-93E7B9F2EC8A}.Debug|Any CPU.ActiveCfg = Debug|Any CPU
		{81BAF9D9-1056-4DF0-B34A-93E7B9F2EC8A}.Debug|Any CPU.Build.0 = Debug|Any CPU
		{81BAF9D9-1056-4DF0-B34A-93E7B9F2EC8A}.Debug|x64.ActiveCfg = Debug|Any CPU
		{81BAF9D9-1056-4DF0-B34A-93E7B9F2EC8A}.Debug|x64.Build.0 = Debug|Any CPU
		{81BAF9D9-1056-4DF0-B34A-93E7B9F2EC8A}.Debug|x86.ActiveCfg = Debug|Any CPU
		{81BAF9D9-1056-4DF0-B34A-93E7B9F2EC8A}.Debug|x86.Build.0 = Debug|Any CPU
		{81BAF9D9-1056-4DF0-B34A-93E7B9F2EC8A}.Release|Any CPU.ActiveCfg = Release|Any CPU
		{81BAF9D9-1056-4DF0-B34A-93E7B9F2EC8A}.Release|Any CPU.Build.0 = Release|Any CPU
		{81BAF9D9-1056-4DF0-B34A-93E7B9F2EC8A}.Release|x64.ActiveCfg = Release|Any CPU
		{81BAF9D9-1056-4DF0-B34A-93E7B9F2EC8A}.Release|x64.Build.0 = Release|Any CPU
		{81BAF9D9-1056-4DF0-B34A-93E7B9F2EC8A}.Release|x86.ActiveCfg = Release|Any CPU
		{81BAF9D9-1056-4DF0-B34A-93E7B9F2EC8A}.Release|x86.Build.0 = Release|Any CPU
		{7CE25F35-27E9-4FE2-ACCB-B345153DDEC2}.Debug|Any CPU.ActiveCfg = Debug|Any CPU
		{7CE25F35-27E9-4FE2-ACCB-B345153DDEC2}.Debug|Any CPU.Build.0 = Debug|Any CPU
		{7CE25F35-27E9-4FE2-ACCB-B345153DDEC2}.Debug|x64.ActiveCfg = Debug|Any CPU
		{7CE25F35-27E9-4FE2-ACCB-B345153DDEC2}.Debug|x64.Build.0 = Debug|Any CPU
		{7CE25F35-27E9-4FE2-ACCB-B345153DDEC2}.Debug|x86.ActiveCfg = Debug|Any CPU
		{7CE25F35-27E9-4FE2-ACCB-B345153DDEC2}.Debug|x86.Build.0 = Debug|Any CPU
		{7CE25F35-27E9-4FE2-ACCB-B345153DDEC2}.Release|Any CPU.ActiveCfg = Release|Any CPU
		{7CE25F35-27E9-4FE2-ACCB-B345153DDEC2}.Release|Any CPU.Build.0 = Release|Any CPU
		{7CE25F35-27E9-4FE2-ACCB-B345153DDEC2}.Release|x64.ActiveCfg = Release|Any CPU
		{7CE25F35-27E9-4FE2-ACCB-B345153DDEC2}.Release|x64.Build.0 = Release|Any CPU
		{7CE25F35-27E9-4FE2-ACCB-B345153DDEC2}.Release|x86.ActiveCfg = Release|Any CPU
		{7CE25F35-27E9-4FE2-ACCB-B345153DDEC2}.Release|x86.Build.0 = Release|Any CPU
		{403D452A-9DB0-4FDE-8FAC-083F876C9DF6}.Debug|Any CPU.ActiveCfg = Debug|Any CPU
		{403D452A-9DB0-4FDE-8FAC-083F876C9DF6}.Debug|Any CPU.Build.0 = Debug|Any CPU
		{403D452A-9DB0-4FDE-8FAC-083F876C9DF6}.Debug|x64.ActiveCfg = Debug|Any CPU
		{403D452A-9DB0-4FDE-8FAC-083F876C9DF6}.Debug|x64.Build.0 = Debug|Any CPU
		{403D452A-9DB0-4FDE-8FAC-083F876C9DF6}.Debug|x86.ActiveCfg = Debug|Any CPU
		{403D452A-9DB0-4FDE-8FAC-083F876C9DF6}.Debug|x86.Build.0 = Debug|Any CPU
		{403D452A-9DB0-4FDE-8FAC-083F876C9DF6}.Release|Any CPU.ActiveCfg = Release|Any CPU
		{403D452A-9DB0-4FDE-8FAC-083F876C9DF6}.Release|Any CPU.Build.0 = Release|Any CPU
		{403D452A-9DB0-4FDE-8FAC-083F876C9DF6}.Release|x64.ActiveCfg = Release|Any CPU
		{403D452A-9DB0-4FDE-8FAC-083F876C9DF6}.Release|x64.Build.0 = Release|Any CPU
		{403D452A-9DB0-4FDE-8FAC-083F876C9DF6}.Release|x86.ActiveCfg = Release|Any CPU
		{403D452A-9DB0-4FDE-8FAC-083F876C9DF6}.Release|x86.Build.0 = Release|Any CPU
		{D1DB39EA-03EA-4F74-8D4A-870FB10D0D6E}.Debug|Any CPU.ActiveCfg = Debug|Any CPU
		{D1DB39EA-03EA-4F74-8D4A-870FB10D0D6E}.Debug|Any CPU.Build.0 = Debug|Any CPU
		{D1DB39EA-03EA-4F74-8D4A-870FB10D0D6E}.Debug|x64.ActiveCfg = Debug|Any CPU
		{D1DB39EA-03EA-4F74-8D4A-870FB10D0D6E}.Debug|x64.Build.0 = Debug|Any CPU
		{D1DB39EA-03EA-4F74-8D4A-870FB10D0D6E}.Debug|x86.ActiveCfg = Debug|Any CPU
		{D1DB39EA-03EA-4F74-8D4A-870FB10D0D6E}.Debug|x86.Build.0 = Debug|Any CPU
		{D1DB39EA-03EA-4F74-8D4A-870FB10D0D6E}.Release|Any CPU.ActiveCfg = Release|Any CPU
		{D1DB39EA-03EA-4F74-8D4A-870FB10D0D6E}.Release|Any CPU.Build.0 = Release|Any CPU
		{D1DB39EA-03EA-4F74-8D4A-870FB10D0D6E}.Release|x64.ActiveCfg = Release|Any CPU
		{D1DB39EA-03EA-4F74-8D4A-870FB10D0D6E}.Release|x64.Build.0 = Release|Any CPU
		{D1DB39EA-03EA-4F74-8D4A-870FB10D0D6E}.Release|x86.ActiveCfg = Release|Any CPU
		{D1DB39EA-03EA-4F74-8D4A-870FB10D0D6E}.Release|x86.Build.0 = Release|Any CPU
		{331C5E31-CFA4-4967-AEAC-CA58CDF5C603}.Debug|Any CPU.ActiveCfg = Debug|Any CPU
		{331C5E31-CFA4-4967-AEAC-CA58CDF5C603}.Debug|Any CPU.Build.0 = Debug|Any CPU
		{331C5E31-CFA4-4967-AEAC-CA58CDF5C603}.Debug|x64.ActiveCfg = Debug|Any CPU
		{331C5E31-CFA4-4967-AEAC-CA58CDF5C603}.Debug|x64.Build.0 = Debug|Any CPU
		{331C5E31-CFA4-4967-AEAC-CA58CDF5C603}.Debug|x86.ActiveCfg = Debug|Any CPU
		{331C5E31-CFA4-4967-AEAC-CA58CDF5C603}.Debug|x86.Build.0 = Debug|Any CPU
		{331C5E31-CFA4-4967-AEAC-CA58CDF5C603}.Release|Any CPU.ActiveCfg = Release|Any CPU
		{331C5E31-CFA4-4967-AEAC-CA58CDF5C603}.Release|Any CPU.Build.0 = Release|Any CPU
		{331C5E31-CFA4-4967-AEAC-CA58CDF5C603}.Release|x64.ActiveCfg = Release|Any CPU
		{331C5E31-CFA4-4967-AEAC-CA58CDF5C603}.Release|x64.Build.0 = Release|Any CPU
		{331C5E31-CFA4-4967-AEAC-CA58CDF5C603}.Release|x86.ActiveCfg = Release|Any CPU
		{331C5E31-CFA4-4967-AEAC-CA58CDF5C603}.Release|x86.Build.0 = Release|Any CPU
		{4D0914F5-D34D-4873-9F48-A47CFDAE331A}.Debug|Any CPU.ActiveCfg = Debug|Any CPU
		{4D0914F5-D34D-4873-9F48-A47CFDAE331A}.Debug|Any CPU.Build.0 = Debug|Any CPU
		{4D0914F5-D34D-4873-9F48-A47CFDAE331A}.Debug|x64.ActiveCfg = Debug|Any CPU
		{4D0914F5-D34D-4873-9F48-A47CFDAE331A}.Debug|x64.Build.0 = Debug|Any CPU
		{4D0914F5-D34D-4873-9F48-A47CFDAE331A}.Debug|x86.ActiveCfg = Debug|Any CPU
		{4D0914F5-D34D-4873-9F48-A47CFDAE331A}.Debug|x86.Build.0 = Debug|Any CPU
		{4D0914F5-D34D-4873-9F48-A47CFDAE331A}.Release|Any CPU.ActiveCfg = Release|Any CPU
		{4D0914F5-D34D-4873-9F48-A47CFDAE331A}.Release|Any CPU.Build.0 = Release|Any CPU
		{4D0914F5-D34D-4873-9F48-A47CFDAE331A}.Release|x64.ActiveCfg = Release|Any CPU
		{4D0914F5-D34D-4873-9F48-A47CFDAE331A}.Release|x64.Build.0 = Release|Any CPU
		{4D0914F5-D34D-4873-9F48-A47CFDAE331A}.Release|x86.ActiveCfg = Release|Any CPU
		{4D0914F5-D34D-4873-9F48-A47CFDAE331A}.Release|x86.Build.0 = Release|Any CPU
		{A8212928-1E4E-429B-AAA4-CA96FF3B34C4}.Debug|Any CPU.ActiveCfg = Debug|Any CPU
		{A8212928-1E4E-429B-AAA4-CA96FF3B34C4}.Debug|Any CPU.Build.0 = Debug|Any CPU
		{A8212928-1E4E-429B-AAA4-CA96FF3B34C4}.Debug|x64.ActiveCfg = Debug|Any CPU
		{A8212928-1E4E-429B-AAA4-CA96FF3B34C4}.Debug|x64.Build.0 = Debug|Any CPU
		{A8212928-1E4E-429B-AAA4-CA96FF3B34C4}.Debug|x86.ActiveCfg = Debug|Any CPU
		{A8212928-1E4E-429B-AAA4-CA96FF3B34C4}.Debug|x86.Build.0 = Debug|Any CPU
		{A8212928-1E4E-429B-AAA4-CA96FF3B34C4}.Release|Any CPU.ActiveCfg = Release|Any CPU
		{A8212928-1E4E-429B-AAA4-CA96FF3B34C4}.Release|Any CPU.Build.0 = Release|Any CPU
		{A8212928-1E4E-429B-AAA4-CA96FF3B34C4}.Release|x64.ActiveCfg = Release|Any CPU
		{A8212928-1E4E-429B-AAA4-CA96FF3B34C4}.Release|x64.Build.0 = Release|Any CPU
		{A8212928-1E4E-429B-AAA4-CA96FF3B34C4}.Release|x86.ActiveCfg = Release|Any CPU
		{A8212928-1E4E-429B-AAA4-CA96FF3B34C4}.Release|x86.Build.0 = Release|Any CPU
	EndGlobalSection
	GlobalSection(SolutionProperties) = preSolution
		HideSolutionNode = FALSE
	EndGlobalSection
	GlobalSection(NestedProjects) = preSolution
		{81BAF9D9-1056-4DF0-B34A-93E7B9F2EC8A} = {827E0CD3-B72D-47B6-A68D-7590B98EB39B}
		{7CE25F35-27E9-4FE2-ACCB-B345153DDEC2} = {827E0CD3-B72D-47B6-A68D-7590B98EB39B}
		{403D452A-9DB0-4FDE-8FAC-083F876C9DF6} = {827E0CD3-B72D-47B6-A68D-7590B98EB39B}
		{D1DB39EA-03EA-4F74-8D4A-870FB10D0D6E} = {827E0CD3-B72D-47B6-A68D-7590B98EB39B}
		{331C5E31-CFA4-4967-AEAC-CA58CDF5C603} = {827E0CD3-B72D-47B6-A68D-7590B98EB39B}
		{4D0914F5-D34D-4873-9F48-A47CFDAE331A} = {0AB3BF05-4346-4AA6-1389-037BE0695223}
		{F1A1FCDC-C912-D79C-AA86-BC374BAA8321} = {C4AD9936-F0DF-1090-6077-3D4A6324E662}
		{A8212928-1E4E-429B-AAA4-CA96FF3B34C4} = {F1A1FCDC-C912-D79C-AA86-BC374BAA8321}
	EndGlobalSection
EndGlobal
